<?xml version="1.0" encoding="utf-8"?>
<Project ToolsVersion="4.0" xmlns="http://schemas.microsoft.com/developer/msbuild/2003">
  <ItemGroup>
    <Filter Include="Source Files">
      <UniqueIdentifier>{4FC737F1-C7A5-4376-A066-2A32D752A2FF}</UniqueIdentifier>
      <Extensions>cpp;c;cc;cxx;def;odl;idl;hpj;bat;asm;asmx</Extensions>
    </Filter>
    <Filter Include="Header Files">
      <UniqueIdentifier>{93995380-89BD-4b04-88EB-625FBE52EBFB}</UniqueIdentifier>
      <Extensions>h;hh;hpp;hxx;hm;inl;inc;xsd</Extensions>
    </Filter>
    <Filter Include="Resource Files">
      <UniqueIdentifier>{67DA6AB6-F800-4c08-8B7A-83BB121AAD01}</UniqueIdentifier>
      <Extensions>rc;ico;cur;bmp;dlg;rc2;rct;bin;rgs;gif;jpg;jpeg;jpe;resx;tiff;tif;png;wav;mfcribbon-ms</Extensions>
    </Filter>
  </ItemGroup>
  <ItemGroup>
    <Text Include="ReadMe.txt" />
  </ItemGroup>
  <ItemGroup>
    <ClInclude Include="include\AwardPoints.h">
      <Filter>Header Files</Filter>
    </ClInclude>
    <ClInclude Include="include\Game.h">
      <Filter>Header Files</Filter>
    </ClInclude>
    <ClInclude Include="include\GameScore.h">
      <Filter>Header Files</Filter>
    </ClInclude>
    <ClInclude Include="include\GamesCounter.h">
      <Filter>Header Files</Filter>
    </ClInclude>
    <ClInclude Include="include\GameStatus.h">
      <Filter>Header Files</Filter>
    </ClInclude>
    <ClInclude Include="include\GameStatusCalculator.h">
      <Filter>Header Files</Filter>
    </ClInclude>
    <ClInclude Include="include\IGame.h">
      <Filter>Header Files</Filter>
    </ClInclude>
    <ClInclude Include="include\InputPlayerNames.h">
      <Filter>Header Files</Filter>
    </ClInclude>
    <ClInclude Include="include\ISet.h">
      <Filter>Header Files</Filter>
    </ClInclude>
    <ClInclude Include="include\Player.h">
      <Filter>Header Files</Filter>
    </ClInclude>
    <ClInclude Include="include\PlayerNameManager.h">
      <Filter>Header Files</Filter>
    </ClInclude>
    <ClInclude Include="include\PossibleScores.h">
      <Filter>Header Files</Filter>
    </ClInclude>
    <ClInclude Include="include\Set.h">
      <Filter>Header Files</Filter>
    </ClInclude>
    <ClInclude Include="include\IAwardPoints.h">
      <Filter>Header Files</Filter>
    </ClInclude>
    <ClInclude Include="include\IGameScore.h">
      <Filter>Header Files</Filter>
    </ClInclude>
    <ClInclude Include="include\IGamesCounter.h">
      <Filter>Header Files</Filter>
    </ClInclude>
    <ClInclude Include="include\IPlayerNameManager.h">
      <Filter>Header Files</Filter>
    </ClInclude>
    <ClInclude Include="include\ILogger.h">
      <Filter>Header Files</Filter>
    </ClInclude>
    <ClInclude Include="include\Logger.h">
      <Filter>Header Files</Filter>
    </ClInclude>
    <ClInclude Include="include\Scores.h">
      <Filter>Header Files</Filter>
    </ClInclude>
    <ClInclude Include="include\ScoreBoard.h">
      <Filter>Header Files</Filter>
    </ClInclude>
    <ClInclude Include="include\TieBreak.h">
      <Filter>Header Files</Filter>
    </ClInclude>
    <ClInclude Include="include\ITieBreak.h">
      <Filter>Header Files</Filter>
    </ClInclude>
    <ClInclude Include="include\TieBreakScore.h">
      <Filter>Header Files</Filter>
    </ClInclude>
    <ClInclude Include="include\ITieBreakScore.h">
      <Filter>Header Files</Filter>
    </ClInclude>
    <ClInclude Include="include\TieBreakStatus.h">
      <Filter>Header Files</Filter>
    </ClInclude>
    <ClInclude Include="include\TieBreakStatusCalculator.h">
      <Filter>Header Files</Filter>
    </ClInclude>
    <ClInclude Include="include\SetStatus.h">
      <Filter>Header Files</Filter>
    </ClInclude>
    <ClInclude Include="include\SetStatusCalculator.h">
      <Filter>Header Files</Filter>
    </ClInclude>
    <ClInclude Include="include\ISetStatusCalculator.h">
      <Filter>Header Files</Filter>
    </ClInclude>
    <ClInclude Include="include\Match.h">
      <Filter>Header Files</Filter>
    </ClInclude>
    <ClInclude Include="include\IMatch.h">
      <Filter>Header Files</Filter>
    </ClInclude>
    <ClInclude Include="include\MatchStatus.h">
      <Filter>Header Files</Filter>
    </ClInclude>
    <ClInclude Include="include\RequiredSetsToWin.h">
      <Filter>Header Files</Filter>
    </ClInclude>
    <ClInclude Include="include\MatchCounter.h">
      <Filter>Header Files</Filter>
    </ClInclude>
    <ClInclude Include="include\IMatchCounter.h">
      <Filter>Header Files</Filter>
    </ClInclude>
    <ClInclude Include="include\MatchStatusCalculator.h">
      <Filter>Header Files</Filter>
    </ClInclude>
    <ClInclude Include="include\IMatchStatusCalculator.h">
      <Filter>Header Files</Filter>
    </ClInclude>
    <ClInclude Include="include\IMatchWonPointHandler.h">
      <Filter>Header Files</Filter>
    </ClInclude>
    <ClInclude Include="include\MatchWonPointHandler.h">
      <Filter>Header Files</Filter>
    </ClInclude>
    <ClInclude Include="include\ISetWonPointHandler.h">
      <Filter>Header Files</Filter>
    </ClInclude>
    <ClInclude Include="include\SetWonPointHandler.h">
      <Filter>Header Files</Filter>
    </ClInclude>
    <ClInclude Include="include\MatchStatusToStringConverter.h">
      <Filter>Header Files</Filter>
    </ClInclude>
    <ClInclude Include="include\ISets.h">
      <Filter>Header Files</Filter>
    </ClInclude>
    <ClInclude Include="include\IGames.h">
      <Filter>Header Files</Filter>
    </ClInclude>
    <ClInclude Include="include\TieBreakWinnerCalculator.h">
      <Filter>Header Files</Filter>
    </ClInclude>
    <ClInclude Include="include\ITieBreakWinnerCalculator.h">
      <Filter>Header Files</Filter>
    </ClInclude>
    <ClInclude Include="include\CountPlayerGames.h">
      <Filter>Header Files</Filter>
    </ClInclude>
    <ClInclude Include="include\ICountPlayerGames.h">
      <Filter>Header Files</Filter>
    </ClInclude>
    <ClInclude Include="include\CurrentPlayerScoreCalculator.h">
      <Filter>Header Files</Filter>
    </ClInclude>
    <ClInclude Include="include\ICurrentPlayerScoreCalculator.h">
      <Filter>Header Files</Filter>
    </ClInclude>
    <ClInclude Include="include\ScoresForPlayerCalculator.h">
      <Filter>Header Files</Filter>
    </ClInclude>
    <ClInclude Include="include\IScoresForPlayerCalculator.h">
      <Filter>Header Files</Filter>
    </ClInclude>
    <ClInclude Include="include\BaseException.h">
      <Filter>Header Files</Filter>
    </ClInclude>
    <ClInclude Include="include\ContainerException.h">
      <Filter>Header Files</Filter>
    </ClInclude>
    <ClInclude Include="include\PlayerException.h">
      <Filter>Header Files</Filter>
    </ClInclude>
    <ClInclude Include="include\SetStatusException.h">
      <Filter>Header Files</Filter>
    </ClInclude>
    <ClInclude Include="include\IContainer.h">
      <Filter>Header Files</Filter>
    </ClInclude>
    <ClInclude Include="include\Container.h">
      <Filter>Header Files</Filter>
    </ClInclude>
    <ClInclude Include="include\Games.h">
      <Filter>Header Files</Filter>
    </ClInclude>
    <ClInclude Include="include\Sets.h">
      <Filter>Header Files</Filter>
    </ClInclude>
    <ClInclude Include="include\IScoreboard.h">
      <Filter>Header Files</Filter>
    </ClInclude>
  </ItemGroup>
  <ItemGroup>
    <ClCompile Include="Set.cpp">
      <Filter>Source Files</Filter>
    </ClCompile>
    <ClCompile Include="PlayerNameManager.cpp">
      <Filter>Source Files</Filter>
    </ClCompile>
    <ClCompile Include="InputPlayerNames.cpp">
      <Filter>Source Files</Filter>
    </ClCompile>
    <ClCompile Include="GameStatusCalculator.cpp">
      <Filter>Source Files</Filter>
    </ClCompile>
    <ClCompile Include="GamesCounter.cpp">
      <Filter>Source Files</Filter>
    </ClCompile>
    <ClCompile Include="GameScore.cpp">
      <Filter>Source Files</Filter>
    </ClCompile>
    <ClCompile Include="Game.cpp">
      <Filter>Source Files</Filter>
    </ClCompile>
    <ClCompile Include="AwardPoints.cpp">
      <Filter>Source Files</Filter>
    </ClCompile>
    <ClCompile Include="PossibleScores.cpp">
      <Filter>Source Files</Filter>
    </ClCompile>
    <ClCompile Include="ScoreBoard.cpp">
      <Filter>Source Files</Filter>
    </ClCompile>
    <ClCompile Include="Logger.cpp">
      <Filter>Source Files</Filter>
    </ClCompile>
    <ClCompile Include="TieBreakScore.cpp">
      <Filter>Source Files</Filter>
    </ClCompile>
    <ClCompile Include="TieBreak.cpp">
      <Filter>Source Files</Filter>
    </ClCompile>
    <ClCompile Include="TieBreakStatusCalculator.cpp">
      <Filter>Source Files</Filter>
    </ClCompile>
    <ClCompile Include="MatchWonPointHandler.cpp">
      <Filter>Source Files</Filter>
    </ClCompile>
    <ClCompile Include="MatchStatusCalculator.cpp">
      <Filter>Source Files</Filter>
    </ClCompile>
    <ClCompile Include="SetWonPointHandler.cpp">
      <Filter>Source Files</Filter>
    </ClCompile>
    <ClCompile Include="SetStatusCalculator.cpp">
      <Filter>Source Files</Filter>
    </ClCompile>
    <ClCompile Include="MatchCounter.cpp">
      <Filter>Source Files</Filter>
    </ClCompile>
    <ClCompile Include="Match.cpp">
      <Filter>Source Files</Filter>
    </ClCompile>
    <ClCompile Include="CountPlayerGames.cpp">
      <Filter>Source Files</Filter>
    </ClCompile>
    <ClCompile Include="CurrentPlayerScoreCalculator.cpp">
      <Filter>Source Files</Filter>
    </ClCompile>
    <ClCompile Include="ScoresForPlayerCalculator.cpp">
      <Filter>Source Files</Filter>
    </ClCompile>
    <ClCompile Include="Games.cpp">
      <Filter>Source Files</Filter>
    </ClCompile>
    <ClCompile Include="Sets.cpp">
      <Filter>Source Files</Filter>
    </ClCompile>
    <ClCompile Include="TieBreakWinnerCalculator.cpp">
      <Filter>Source Files</Filter>
    </ClCompile>
  </ItemGroup>
</Project>