
Microsoft Visual Studio Solution File, Format Version 12.00
# Visual Studio 2013
VisualStudioVersion = 12.0.40629.0
MinimumVisualStudioVersion = 10.0.40219.1
Project("{FAE04EC0-301F-11D3-BF4B-00C04F79EFBC}") = "FrogJump", "FrogJump\FrogJump.csproj", "{3545951C-2145-4B11-A614-8BE01C5B667A}"
EndProject
Project("{FAE04EC0-301F-11D3-BF4B-00C04F79EFBC}") = "FrogJump.Tests", "FrogJump.Tests\FrogJump.Tests.csproj", "{C7DF7B97-BA73-4696-8878-8F15437F9729}"
EndProject
Global
	GlobalSection(SolutionConfigurationPlatforms) = preSolution
		Debug|Any CPU = Debug|Any CPU
		Release|Any CPU = Release|Any CPU
	EndGlobalSection
	GlobalSection(ProjectConfigurationPlatforms) = postSolution
		{3545951C-2145-4B11-A614-8BE01C5B667A}.Debug|Any CPU.ActiveCfg = Debug|Any CPU
		{3545951C-2145-4B11-A614-8BE01C5B667A}.Debug|Any CPU.Build.0 = Debug|Any CPU
		{3545951C-2145-4B11-A614-8BE01C5B667A}.Release|Any CPU.ActiveCfg = Release|Any CPU
		{3545951C-2145-4B11-A614-8BE01C5B667A}.Release|Any CPU.Build.0 = Release|Any CPU
		{C7DF7B97-BA73-4696-8878-8F15437F9729}.Debug|Any CPU.ActiveCfg = Debug|Any CPU
		{C7DF7B97-BA73-4696-8878-8F15437F9729}.Debug|Any CPU.Build.0 = Debug|Any CPU
		{C7DF7B97-BA73-4696-8878-8F15437F9729}.Release|Any CPU.ActiveCfg = Release|Any CPU
		{C7DF7B97-BA73-4696-8878-8F15437F9729}.Release|Any CPU.Build.0 = Release|Any CPU
	EndGlobalSection
	GlobalSection(SolutionProperties) = preSolution
		HideSolutionNode = FALSE
	EndGlobalSection
EndGlobal
